
Microsoft Visual Studio Solution File, Format Version 12.00
# Visual Studio Version 16
VisualStudioVersion = 16.0.29609.76
MinimumVisualStudioVersion = 10.0.40219.1
Project("{FAE04EC0-301F-11D3-BF4B-00C04F79EFBC}") = "DBUpgrade", "DBUpgrade\DBUpgrade.csproj", "{A26A13CA-3A2E-4927-9EB4-06E512EDF108}"
EndProject
Project("{FAE04EC0-301F-11D3-BF4B-00C04F79EFBC}") = "DBUpgradeTest", "DBUpgradeTest\DBUpgradeTest.csproj", "{37C08208-3ED2-43A1-8237-E1AC9820B67A}"
EndProject
Project("{9A19103F-16F7-4668-BE54-9A1E7A4F7556}") = "DBUpShared", "DBUpShared\DBUpShared.csproj", "{2BE4DA28-088B-4836-A5C4-DD1DE1E91BF0}"
EndProject
Project("{FAE04EC0-301F-11D3-BF4B-00C04F79EFBC}") = "Script.tests", "Script.tests\Script.tests.csproj", "{2B42C448-D8B4-4569-9378-D4C08D50B5A2}"
EndProject
Global
	GlobalSection(SolutionConfigurationPlatforms) = preSolution
		Debug|Any CPU = Debug|Any CPU
		Release|Any CPU = Release|Any CPU
	EndGlobalSection
	GlobalSection(ProjectConfigurationPlatforms) = postSolution
		{A26A13CA-3A2E-4927-9EB4-06E512EDF108}.Debug|Any CPU.ActiveCfg = Debug|Any CPU
		{A26A13CA-3A2E-4927-9EB4-06E512EDF108}.Debug|Any CPU.Build.0 = Debug|Any CPU
		{A26A13CA-3A2E-4927-9EB4-06E512EDF108}.Release|Any CPU.ActiveCfg = Release|Any CPU
		{A26A13CA-3A2E-4927-9EB4-06E512EDF108}.Release|Any CPU.Build.0 = Release|Any CPU
		{37C08208-3ED2-43A1-8237-E1AC9820B67A}.Debug|Any CPU.ActiveCfg = Debug|Any CPU
		{37C08208-3ED2-43A1-8237-E1AC9820B67A}.Debug|Any CPU.Build.0 = Debug|Any CPU
		{37C08208-3ED2-43A1-8237-E1AC9820B67A}.Release|Any CPU.ActiveCfg = Release|Any CPU
		{37C08208-3ED2-43A1-8237-E1AC9820B67A}.Release|Any CPU.Build.0 = Release|Any CPU
		{2BE4DA28-088B-4836-A5C4-DD1DE1E91BF0}.Debug|Any CPU.ActiveCfg = Debug|Any CPU
		{2BE4DA28-088B-4836-A5C4-DD1DE1E91BF0}.Debug|Any CPU.Build.0 = Debug|Any CPU
		{2BE4DA28-088B-4836-A5C4-DD1DE1E91BF0}.Release|Any CPU.ActiveCfg = Release|Any CPU
		{2BE4DA28-088B-4836-A5C4-DD1DE1E91BF0}.Release|Any CPU.Build.0 = Release|Any CPU
		{2B42C448-D8B4-4569-9378-D4C08D50B5A2}.Debug|Any CPU.ActiveCfg = Debug|Any CPU
		{2B42C448-D8B4-4569-9378-D4C08D50B5A2}.Debug|Any CPU.Build.0 = Debug|Any CPU
		{2B42C448-D8B4-4569-9378-D4C08D50B5A2}.Release|Any CPU.ActiveCfg = Release|Any CPU
		{2B42C448-D8B4-4569-9378-D4C08D50B5A2}.Release|Any CPU.Build.0 = Release|Any CPU
	EndGlobalSection
	GlobalSection(SolutionProperties) = preSolution
		HideSolutionNode = FALSE
	EndGlobalSection
	GlobalSection(ExtensibilityGlobals) = postSolution
		SolutionGuid = {678D8075-58CD-4E35-AD96-0C563521CEE3}
	EndGlobalSection
EndGlobal
